
Microsoft Visual Studio Solution File, Format Version 12.00
# Visual Studio Version 16
VisualStudioVersion = 16.0.30309.148
MinimumVisualStudioVersion = 10.0.40219.1
Project("{FAE04EC0-301F-11D3-BF4B-00C04F79EFBC}") = "Quote Website", "Quote Website.csproj", "{A23FF539-EB50-421C-83B8-8C496D92B3EC}"
EndProject
Global
	GlobalSection(SolutionConfigurationPlatforms) = preSolution
		Debug|Any CPU = Debug|Any CPU
		Release|Any CPU = Release|Any CPU
	EndGlobalSection
	GlobalSection(ProjectConfigurationPlatforms) = postSolution
		{A23FF539-EB50-421C-83B8-8C496D92B3EC}.Debug|Any CPU.ActiveCfg = Debug|Any CPU
		{A23FF539-EB50-421C-83B8-8C496D92B3EC}.Debug|Any CPU.Build.0 = Debug|Any CPU
		{A23FF539-EB50-421C-83B8-8C496D92B3EC}.Release|Any CPU.ActiveCfg = Release|Any CPU
		{A23FF539-EB50-421C-83B8-8C496D92B3EC}.Release|Any CPU.Build.0 = Release|Any CPU
	EndGlobalSection
	GlobalSection(SolutionProperties) = preSolution
		HideSolutionNode = FALSE
	EndGlobalSection
	GlobalSection(ExtensibilityGlobals) = postSolution
		SolutionGuid = {53C43741-D828-4018-91CB-AC94789C455E}
	EndGlobalSection
EndGlobal
